{
  "version": 4,
  "terraform_version": "1.4.6",
  "serial": 9,
  "lineage": "484443fc-9e79-7205-ad0b-e7555e9cec19",
  "outputs": {
    "webapp_ips": {
      "value": [
        "20.73.205.48",
        "20.73.205.98",
        "20.73.205.251",
        "20.73.206.81",
        "20.73.207.10",
        "20.73.207.102",
        "20.73.135.74",
        "20.73.135.154",
        "20.73.135.236",
        "20.73.200.35",
        "20.73.200.86",
        "20.73.200.135",
        "20.105.232.40"
      ],
      "type": [
        "list",
        "string"
      ]
    },
    "webapp_url": {
      "value": "task-board-10324.azurewebsites.net",
      "type": "string"
    }
  },
  "resources": [
    {
      "mode": "managed",
      "type": "azurerm_app_service_source_control",
      "name": "git",
      "provider": "provider[\"registry.terraform.io/hashicorp/azurerm\"]",
      "instances": [
        {
          "schema_version": 0,
          "attributes": {
            "app_id": "/subscriptions/a63c910f-df4c-4f3f-962e-955737eb1d57/resourceGroups/TaskBoardRG10324/providers/Microsoft.Web/sites/task-board-10324",
            "branch": "main",
            "github_action_configuration": [],
            "id": "/subscriptions/a63c910f-df4c-4f3f-962e-955737eb1d57/resourceGroups/TaskBoardRG10324/providers/Microsoft.Web/sites/task-board-10324",
            "repo_url": "https://github.com/Konstantin-Kostov-70/TaskBoard.git",
            "rollback_enabled": false,
            "scm_type": "ExternalGit",
            "timeouts": null,
            "use_local_git": false,
            "use_manual_integration": true,
            "use_mercurial": false,
            "uses_github_action": false
          },
          "sensitive_attributes": [],
          "private": "eyJlMmJmYjczMC1lY2FhLTExZTYtOGY4OC0zNDM2M2JjN2M0YzAiOnsiY3JlYXRlIjoxODAwMDAwMDAwMDAwLCJkZWxldGUiOjE4MDAwMDAwMDAwMDAsInJlYWQiOjMwMDAwMDAwMDAwMH19",
          "dependencies": [
            "azurerm_linux_web_app.app",
            "azurerm_mssql_database.sql",
            "azurerm_mssql_server.sqlserver",
            "azurerm_resource_group.rg",
            "azurerm_service_plan.sp",
            "random_integer.ri"
          ]
        }
      ]
    },
    {
      "mode": "managed",
      "type": "azurerm_linux_web_app",
      "name": "app",
      "provider": "provider[\"registry.terraform.io/hashicorp/azurerm\"]",
      "instances": [
        {
          "schema_version": 0,
          "attributes": {
            "app_settings": null,
            "auth_settings": [],
            "auth_settings_v2": [],
            "backup": [],
            "client_affinity_enabled": false,
            "client_certificate_enabled": false,
            "client_certificate_exclusion_paths": "",
            "client_certificate_mode": "Required",
            "connection_string": [
              {
                "name": "DefaultConnection",
                "type": "SQLAzure",
                "value": "Data Source=tcp:task-board-sql10324.database.windows.net,1433;Initial Catalog=task-board-DB10324;User ID=4dm1n157r470r;Password=4-v3ry-53cr37-p455w0rd;Trusted_Connection=False;MultipleActiveResultSets=True;"
              }
            ],
            "custom_domain_verification_id": "B5646764C832AAC95FE862AE2DEDE0D7431845FD910914E011CFFC6D55F32377",
            "default_hostname": "task-board-10324.azurewebsites.net",
            "enabled": true,
            "hosting_environment_id": "",
            "https_only": false,
            "id": "/subscriptions/a63c910f-df4c-4f3f-962e-955737eb1d57/resourceGroups/TaskBoardRG10324/providers/Microsoft.Web/sites/task-board-10324",
            "identity": [],
            "key_vault_reference_identity_id": "SystemAssigned",
            "kind": "app,linux",
            "location": "westeurope",
            "logs": [],
            "name": "task-board-10324",
            "outbound_ip_address_list": [
              "20.73.205.48",
              "20.73.205.98",
              "20.73.205.251",
              "20.73.206.81",
              "20.73.207.10",
              "20.73.207.102",
              "20.73.135.74",
              "20.73.135.154",
              "20.73.135.236",
              "20.73.200.35",
              "20.73.200.86",
              "20.73.200.135",
              "20.105.232.40"
            ],
            "outbound_ip_addresses": "20.73.205.48,20.73.205.98,20.73.205.251,20.73.206.81,20.73.207.10,20.73.207.102,20.73.135.74,20.73.135.154,20.73.135.236,20.73.200.35,20.73.200.86,20.73.200.135,20.105.232.40",
            "possible_outbound_ip_address_list": [
              "20.73.205.48",
              "20.73.205.98",
              "20.73.205.251",
              "20.73.206.81",
              "20.73.207.10",
              "20.73.207.102",
              "20.73.135.74",
              "20.73.135.154",
              "20.73.135.236",
              "20.73.200.35",
              "20.73.200.86",
              "20.73.200.135",
              "20.73.201.16",
              "20.73.201.42",
              "20.73.201.90",
              "20.73.202.28",
              "20.73.202.102",
              "20.73.202.135",
              "20.73.203.36",
              "20.73.203.124",
              "20.73.203.177",
              "20.73.203.181",
              "20.73.204.95",
              "20.73.205.32",
              "20.73.205.48",
              "20.73.205.98",
              "20.73.205.251",
              "20.73.206.81",
              "20.73.207.10",
              "20.73.207.102",
              "20.73.207.210",
              "20.76.24.56",
              "20.76.24.227",
              "20.76.25.1",
              "20.76.25.87",
              "20.76.25.193",
              "20.105.232.40"
            ],
            "possible_outbound_ip_addresses": "20.73.205.48,20.73.205.98,20.73.205.251,20.73.206.81,20.73.207.10,20.73.207.102,20.73.135.74,20.73.135.154,20.73.135.236,20.73.200.35,20.73.200.86,20.73.200.135,20.73.201.16,20.73.201.42,20.73.201.90,20.73.202.28,20.73.202.102,20.73.202.135,20.73.203.36,20.73.203.124,20.73.203.177,20.73.203.181,20.73.204.95,20.73.205.32,20.73.205.48,20.73.205.98,20.73.205.251,20.73.206.81,20.73.207.10,20.73.207.102,20.73.207.210,20.76.24.56,20.76.24.227,20.76.25.1,20.76.25.87,20.76.25.193,20.105.232.40",
            "resource_group_name": "TaskBoardRG10324",
            "service_plan_id": "/subscriptions/a63c910f-df4c-4f3f-962e-955737eb1d57/resourceGroups/TaskBoardRG10324/providers/Microsoft.Web/serverfarms/task-board-plan10324",
            "site_config": [
              {
                "always_on": false,
                "api_definition_url": "",
                "api_management_api_id": "",
                "app_command_line": "",
                "application_stack": [
                  {
                    "docker_image": "",
                    "docker_image_tag": "",
                    "dotnet_version": "6.0",
                    "go_version": "",
                    "java_server": "",
                    "java_server_version": "",
                    "java_version": "",
                    "node_version": "",
                    "php_version": "",
                    "python_version": "",
                    "ruby_version": ""
                  }
                ],
                "auto_heal_enabled": false,
                "auto_heal_setting": [],
                "container_registry_managed_identity_client_id": "",
                "container_registry_use_managed_identity": false,
                "cors": [],
                "default_documents": [
                  "Default.htm",
                  "Default.html",
                  "Default.asp",
                  "index.htm",
                  "index.html",
                  "iisstart.htm",
                  "default.aspx",
                  "index.php",
                  "hostingstart.html"
                ],
                "detailed_error_logging_enabled": false,
                "ftps_state": "Disabled",
                "health_check_eviction_time_in_min": 0,
                "health_check_path": "",
                "http2_enabled": false,
                "ip_restriction": [],
                "linux_fx_version": "DOTNETCORE|6.0",
                "load_balancing_mode": "LeastRequests",
                "local_mysql_enabled": false,
                "managed_pipeline_mode": "Integrated",
                "minimum_tls_version": "1.2",
                "remote_debugging_enabled": false,
                "remote_debugging_version": "VS2019",
                "scm_ip_restriction": [],
                "scm_minimum_tls_version": "1.2",
                "scm_type": "None",
                "scm_use_main_ip_restriction": false,
                "use_32_bit_worker": true,
                "vnet_route_all_enabled": false,
                "websockets_enabled": false,
                "worker_count": 1
              }
            ],
            "site_credential": [
              {
                "name": "$task-board-10324",
                "password": "iZYKbY5JPa4G4Wz1DpEAw5Avuvfxrt0HtQ23TLH8mnBHqN9xxe05JyEMdkvW"
              }
            ],
            "sticky_settings": [],
            "storage_account": [],
            "tags": null,
            "timeouts": null,
            "virtual_network_subnet_id": "",
            "zip_deploy_file": ""
          },
          "sensitive_attributes": [
            [
              {
                "type": "get_attr",
                "value": "connection_string"
              }
            ]
          ],
          "private": "eyJlMmJmYjczMC1lY2FhLTExZTYtOGY4OC0zNDM2M2JjN2M0YzAiOnsiY3JlYXRlIjoxODAwMDAwMDAwMDAwLCJkZWxldGUiOjE4MDAwMDAwMDAwMDAsInJlYWQiOjMwMDAwMDAwMDAwMCwidXBkYXRlIjoxODAwMDAwMDAwMDAwfX0=",
          "dependencies": [
            "azurerm_mssql_database.sql",
            "azurerm_mssql_server.sqlserver",
            "azurerm_resource_group.rg",
            "azurerm_service_plan.sp",
            "random_integer.ri"
          ]
        }
      ]
    },
    {
      "mode": "managed",
      "type": "azurerm_mssql_database",
      "name": "sql",
      "provider": "provider[\"registry.terraform.io/hashicorp/azurerm\"]",
      "instances": [
        {
          "schema_version": 1,
          "attributes": {
            "auto_pause_delay_in_minutes": 0,
            "collation": "SQL_Latin1_General_CP1_CI_AS",
            "create_mode": "Default",
            "creation_source_database_id": null,
            "elastic_pool_id": "",
            "geo_backup_enabled": true,
            "id": "/subscriptions/a63c910f-df4c-4f3f-962e-955737eb1d57/resourceGroups/TaskBoardRG10324/providers/Microsoft.Sql/servers/task-board-sql10324/databases/task-board-DB10324",
            "import": [],
            "ledger_enabled": false,
            "license_type": "LicenseIncluded",
            "long_term_retention_policy": [
              {
                "monthly_retention": "PT0S",
                "week_of_year": 1,
                "weekly_retention": "PT0S",
                "yearly_retention": "PT0S"
              }
            ],
            "maintenance_configuration_name": "SQL_Default",
            "max_size_gb": 250,
            "min_capacity": 0,
            "name": "task-board-DB10324",
            "read_replica_count": 0,
            "read_scale": false,
            "recover_database_id": null,
            "restore_dropped_database_id": null,
            "restore_point_in_time": null,
            "sample_name": null,
            "server_id": "/subscriptions/a63c910f-df4c-4f3f-962e-955737eb1d57/resourceGroups/TaskBoardRG10324/providers/Microsoft.Sql/servers/task-board-sql10324",
            "short_term_retention_policy": [
              {
                "backup_interval_in_hours": 24,
                "retention_days": 7
              }
            ],
            "sku_name": "S0",
            "storage_account_type": "Geo",
            "tags": null,
            "threat_detection_policy": [
              {
                "disabled_alerts": [],
                "email_account_admins": "Disabled",
                "email_addresses": [],
                "retention_days": 0,
                "state": "Disabled",
                "storage_account_access_key": "",
                "storage_endpoint": ""
              }
            ],
            "timeouts": null,
            "transparent_data_encryption_enabled": true,
            "zone_redundant": false
          },
          "sensitive_attributes": [],
          "private": "eyJlMmJmYjczMC1lY2FhLTExZTYtOGY4OC0zNDM2M2JjN2M0YzAiOnsiY3JlYXRlIjozNjAwMDAwMDAwMDAwLCJkZWxldGUiOjM2MDAwMDAwMDAwMDAsInJlYWQiOjMwMDAwMDAwMDAwMCwidXBkYXRlIjozNjAwMDAwMDAwMDAwfSwic2NoZW1hX3ZlcnNpb24iOiIxIn0=",
          "dependencies": [
            "azurerm_mssql_server.sqlserver",
            "azurerm_resource_group.rg",
            "random_integer.ri"
          ]
        }
      ]
    },
    {
      "mode": "managed",
      "type": "azurerm_mssql_firewall_rule",
      "name": "example",
      "provider": "provider[\"registry.terraform.io/hashicorp/azurerm\"]",
      "instances": [
        {
          "schema_version": 0,
          "attributes": {
            "end_ip_address": "0.0.0.0",
            "id": "/subscriptions/a63c910f-df4c-4f3f-962e-955737eb1d57/resourceGroups/TaskBoardRG10324/providers/Microsoft.Sql/servers/task-board-sql10324/firewallRules/task-board-FW10324",
            "name": "task-board-FW10324",
            "server_id": "/subscriptions/a63c910f-df4c-4f3f-962e-955737eb1d57/resourceGroups/TaskBoardRG10324/providers/Microsoft.Sql/servers/task-board-sql10324",
            "start_ip_address": "0.0.0.0",
            "timeouts": null
          },
          "sensitive_attributes": [],
          "private": "eyJlMmJmYjczMC1lY2FhLTExZTYtOGY4OC0zNDM2M2JjN2M0YzAiOnsiY3JlYXRlIjoxODAwMDAwMDAwMDAwLCJkZWxldGUiOjE4MDAwMDAwMDAwMDAsInJlYWQiOjMwMDAwMDAwMDAwMCwidXBkYXRlIjoxODAwMDAwMDAwMDAwfX0=",
          "dependencies": [
            "azurerm_mssql_server.sqlserver",
            "azurerm_resource_group.rg",
            "random_integer.ri"
          ]
        }
      ]
    },
    {
      "mode": "managed",
      "type": "azurerm_mssql_server",
      "name": "sqlserver",
      "provider": "provider[\"registry.terraform.io/hashicorp/azurerm\"]",
      "instances": [
        {
          "schema_version": 0,
          "attributes": {
            "administrator_login": "4dm1n157r470r",
            "administrator_login_password": "4-v3ry-53cr37-p455w0rd",
            "azuread_administrator": [],
            "connection_policy": "Default",
            "fully_qualified_domain_name": "task-board-sql10324.database.windows.net",
            "id": "/subscriptions/a63c910f-df4c-4f3f-962e-955737eb1d57/resourceGroups/TaskBoardRG10324/providers/Microsoft.Sql/servers/task-board-sql10324",
            "identity": [],
            "location": "westeurope",
            "minimum_tls_version": "1.2",
            "name": "task-board-sql10324",
            "outbound_network_restriction_enabled": false,
            "primary_user_assigned_identity_id": "",
            "public_network_access_enabled": true,
            "resource_group_name": "TaskBoardRG10324",
            "restorable_dropped_database_ids": [],
            "tags": null,
            "timeouts": null,
            "transparent_data_encryption_key_vault_key_id": "",
            "version": "12.0"
          },
          "sensitive_attributes": [],
          "private": "eyJlMmJmYjczMC1lY2FhLTExZTYtOGY4OC0zNDM2M2JjN2M0YzAiOnsiY3JlYXRlIjozNjAwMDAwMDAwMDAwLCJkZWxldGUiOjM2MDAwMDAwMDAwMDAsInJlYWQiOjMwMDAwMDAwMDAwMCwidXBkYXRlIjozNjAwMDAwMDAwMDAwfX0=",
          "dependencies": [
            "azurerm_resource_group.rg",
            "random_integer.ri"
          ]
        }
      ]
    },
    {
      "mode": "managed",
      "type": "azurerm_resource_group",
      "name": "rg",
      "provider": "provider[\"registry.terraform.io/hashicorp/azurerm\"]",
      "instances": [
        {
          "schema_version": 0,
          "attributes": {
            "id": "/subscriptions/a63c910f-df4c-4f3f-962e-955737eb1d57/resourceGroups/TaskBoardRG10324",
            "location": "westeurope",
            "name": "TaskBoardRG10324",
            "tags": null,
            "timeouts": null
          },
          "sensitive_attributes": [],
          "private": "eyJlMmJmYjczMC1lY2FhLTExZTYtOGY4OC0zNDM2M2JjN2M0YzAiOnsiY3JlYXRlIjo1NDAwMDAwMDAwMDAwLCJkZWxldGUiOjU0MDAwMDAwMDAwMDAsInJlYWQiOjMwMDAwMDAwMDAwMCwidXBkYXRlIjo1NDAwMDAwMDAwMDAwfX0=",
          "dependencies": [
            "random_integer.ri"
          ]
        }
      ]
    },
    {
      "mode": "managed",
      "type": "azurerm_service_plan",
      "name": "sp",
      "provider": "provider[\"registry.terraform.io/hashicorp/azurerm\"]",
      "instances": [
        {
          "schema_version": 0,
          "attributes": {
            "app_service_environment_id": "",
            "id": "/subscriptions/a63c910f-df4c-4f3f-962e-955737eb1d57/resourceGroups/TaskBoardRG10324/providers/Microsoft.Web/serverfarms/task-board-plan10324",
            "kind": "linux",
            "location": "westeurope",
            "maximum_elastic_worker_count": 1,
            "name": "task-board-plan10324",
            "os_type": "Linux",
            "per_site_scaling_enabled": false,
            "reserved": true,
            "resource_group_name": "TaskBoardRG10324",
            "sku_name": "F1",
            "tags": null,
            "timeouts": null,
            "worker_count": 1,
            "zone_balancing_enabled": false
          },
          "sensitive_attributes": [],
          "private": "eyJlMmJmYjczMC1lY2FhLTExZTYtOGY4OC0zNDM2M2JjN2M0YzAiOnsiY3JlYXRlIjozNjAwMDAwMDAwMDAwLCJkZWxldGUiOjM2MDAwMDAwMDAwMDAsInJlYWQiOjMwMDAwMDAwMDAwMCwidXBkYXRlIjozNjAwMDAwMDAwMDAwfX0=",
          "dependencies": [
            "azurerm_resource_group.rg",
            "random_integer.ri"
          ]
        }
      ]
    },
    {
      "mode": "managed",
      "type": "random_integer",
      "name": "ri",
      "provider": "provider[\"registry.terraform.io/hashicorp/random\"]",
      "instances": [
        {
          "schema_version": 0,
          "attributes": {
            "id": "10324",
            "keepers": null,
            "max": 99999,
            "min": 10000,
            "result": 10324,
            "seed": null
          },
          "sensitive_attributes": []
        }
      ]
    }
  ],
  "check_results": null
}
