{
  "version": 4,
  "terraform_version": "1.4.6",
  "serial": 10,
  "lineage": "63113373-b3ad-58cc-8679-ebff5f75d8d6",
  "outputs": {},
  "resources": [
    {
      "mode": "managed",
      "type": "azurerm_app_service_source_control",
      "name": "git",
      "provider": "provider[\"registry.terraform.io/hashicorp/azurerm\"]",
      "instances": [
        {
          "schema_version": 0,
          "attributes": {
            "app_id": "/subscriptions/a63c910f-df4c-4f3f-962e-955737eb1d57/resourceGroups/ContactBookRG10181/providers/Microsoft.Web/sites/contact-book-10181",
            "branch": "master",
            "github_action_configuration": [],
            "id": "/subscriptions/a63c910f-df4c-4f3f-962e-955737eb1d57/resourceGroups/ContactBookRG10181/providers/Microsoft.Web/sites/contact-book-10181",
            "repo_url": "https://github.com/nakov/ContactBook",
            "rollback_enabled": false,
            "scm_type": "ExternalGit",
            "timeouts": null,
            "use_local_git": false,
            "use_manual_integration": true,
            "use_mercurial": false,
            "uses_github_action": false
          },
          "sensitive_attributes": [],
          "private": "eyJlMmJmYjczMC1lY2FhLTExZTYtOGY4OC0zNDM2M2JjN2M0YzAiOnsiY3JlYXRlIjoxODAwMDAwMDAwMDAwLCJkZWxldGUiOjE4MDAwMDAwMDAwMDAsInJlYWQiOjMwMDAwMDAwMDAwMH19",
          "dependencies": [
            "azurerm_linux_web_app.app",
            "azurerm_resource_group.rg",
            "azurerm_service_plan.sp",
            "random_integer.ri"
          ]
        }
      ]
    },
    {
      "mode": "managed",
      "type": "azurerm_linux_web_app",
      "name": "app",
      "provider": "provider[\"registry.terraform.io/hashicorp/azurerm\"]",
      "instances": [
        {
          "schema_version": 0,
          "attributes": {
            "app_settings": null,
            "auth_settings": [],
            "auth_settings_v2": [],
            "backup": [],
            "client_affinity_enabled": false,
            "client_certificate_enabled": false,
            "client_certificate_exclusion_paths": "",
            "client_certificate_mode": "Required",
            "connection_string": [],
            "custom_domain_verification_id": "B5646764C832AAC95FE862AE2DEDE0D7431845FD910914E011CFFC6D55F32377",
            "default_hostname": "contact-book-10181.azurewebsites.net",
            "enabled": true,
            "hosting_environment_id": "",
            "https_only": false,
            "id": "/subscriptions/a63c910f-df4c-4f3f-962e-955737eb1d57/resourceGroups/ContactBookRG10181/providers/Microsoft.Web/sites/contact-book-10181",
            "identity": [],
            "key_vault_reference_identity_id": "SystemAssigned",
            "kind": "app,linux",
            "location": "westeurope",
            "logs": [],
            "name": "contact-book-10181",
            "outbound_ip_address_list": [
              "20.31.120.12",
              "20.31.125.126",
              "20.31.125.193",
              "20.31.125.217",
              "20.31.126.58",
              "20.31.126.88",
              "20.126.201.182",
              "20.126.207.22",
              "20.126.205.191",
              "20.126.207.109",
              "20.126.207.205",
              "20.31.122.75",
              "20.105.216.32"
            ],
            "outbound_ip_addresses": "20.31.120.12,20.31.125.126,20.31.125.193,20.31.125.217,20.31.126.58,20.31.126.88,20.126.201.182,20.126.207.22,20.126.205.191,20.126.207.109,20.126.207.205,20.31.122.75,20.105.216.32",
            "possible_outbound_ip_address_list": [
              "20.31.120.12",
              "20.31.125.126",
              "20.31.125.193",
              "20.31.125.217",
              "20.31.126.58",
              "20.31.126.88",
              "20.126.201.182",
              "20.126.207.22",
              "20.126.205.191",
              "20.126.207.109",
              "20.126.207.205",
              "20.31.122.75",
              "20.31.122.121",
              "20.31.122.133",
              "20.31.122.136",
              "20.31.122.229",
              "20.31.122.230",
              "20.31.122.239",
              "20.31.120.10",
              "20.31.120.235",
              "20.31.123.101",
              "20.31.124.126",
              "20.31.125.71",
              "20.31.125.124",
              "20.31.120.12",
              "20.31.125.126",
              "20.31.125.193",
              "20.31.125.217",
              "20.31.126.58",
              "20.31.126.88",
              "20.31.126.114",
              "20.31.126.185",
              "20.31.127.23",
              "20.126.204.58",
              "20.31.127.86",
              "20.31.127.158",
              "20.105.216.32"
            ],
            "possible_outbound_ip_addresses": "20.31.120.12,20.31.125.126,20.31.125.193,20.31.125.217,20.31.126.58,20.31.126.88,20.126.201.182,20.126.207.22,20.126.205.191,20.126.207.109,20.126.207.205,20.31.122.75,20.31.122.121,20.31.122.133,20.31.122.136,20.31.122.229,20.31.122.230,20.31.122.239,20.31.120.10,20.31.120.235,20.31.123.101,20.31.124.126,20.31.125.71,20.31.125.124,20.31.120.12,20.31.125.126,20.31.125.193,20.31.125.217,20.31.126.58,20.31.126.88,20.31.126.114,20.31.126.185,20.31.127.23,20.126.204.58,20.31.127.86,20.31.127.158,20.105.216.32",
            "resource_group_name": "ContactBookRG10181",
            "service_plan_id": "/subscriptions/a63c910f-df4c-4f3f-962e-955737eb1d57/resourceGroups/ContactBookRG10181/providers/Microsoft.Web/serverfarms/contact-book-plan10181",
            "site_config": [
              {
                "always_on": false,
                "api_definition_url": "",
                "api_management_api_id": "",
                "app_command_line": "",
                "application_stack": [
                  {
                    "docker_image": "",
                    "docker_image_tag": "",
                    "dotnet_version": "",
                    "go_version": "",
                    "java_server": "",
                    "java_server_version": "",
                    "java_version": "",
                    "node_version": "16-lts",
                    "php_version": "",
                    "python_version": "",
                    "ruby_version": ""
                  }
                ],
                "auto_heal_enabled": false,
                "auto_heal_setting": [],
                "container_registry_managed_identity_client_id": "",
                "container_registry_use_managed_identity": false,
                "cors": [],
                "default_documents": [
                  "Default.htm",
                  "Default.html",
                  "Default.asp",
                  "index.htm",
                  "index.html",
                  "iisstart.htm",
                  "default.aspx",
                  "index.php",
                  "hostingstart.html"
                ],
                "detailed_error_logging_enabled": false,
                "ftps_state": "Disabled",
                "health_check_eviction_time_in_min": 0,
                "health_check_path": "",
                "http2_enabled": false,
                "ip_restriction": [],
                "linux_fx_version": "NODE|16-lts",
                "load_balancing_mode": "LeastRequests",
                "local_mysql_enabled": false,
                "managed_pipeline_mode": "Integrated",
                "minimum_tls_version": "1.2",
                "remote_debugging_enabled": false,
                "remote_debugging_version": "VS2019",
                "scm_ip_restriction": [],
                "scm_minimum_tls_version": "1.2",
                "scm_type": "None",
                "scm_use_main_ip_restriction": false,
                "use_32_bit_worker": true,
                "vnet_route_all_enabled": false,
                "websockets_enabled": false,
                "worker_count": 1
              }
            ],
            "site_credential": [
              {
                "name": "$contact-book-10181",
                "password": "g6riddiSyNYDMmje4aDkaxyj1dnkrJNMXhmSl8R4z3qgp7AstWBwkA7zpXjt"
              }
            ],
            "sticky_settings": [],
            "storage_account": [],
            "tags": null,
            "timeouts": null,
            "virtual_network_subnet_id": "",
            "zip_deploy_file": ""
          },
          "sensitive_attributes": [],
          "private": "eyJlMmJmYjczMC1lY2FhLTExZTYtOGY4OC0zNDM2M2JjN2M0YzAiOnsiY3JlYXRlIjoxODAwMDAwMDAwMDAwLCJkZWxldGUiOjE4MDAwMDAwMDAwMDAsInJlYWQiOjMwMDAwMDAwMDAwMCwidXBkYXRlIjoxODAwMDAwMDAwMDAwfX0=",
          "dependencies": [
            "azurerm_resource_group.rg",
            "azurerm_service_plan.sp",
            "random_integer.ri"
          ]
        }
      ]
    },
    {
      "mode": "managed",
      "type": "azurerm_resource_group",
      "name": "rg",
      "provider": "provider[\"registry.terraform.io/hashicorp/azurerm\"]",
      "instances": [
        {
          "schema_version": 0,
          "attributes": {
            "id": "/subscriptions/a63c910f-df4c-4f3f-962e-955737eb1d57/resourceGroups/ContactBookRG10181",
            "location": "westeurope",
            "name": "ContactBookRG10181",
            "tags": null,
            "timeouts": null
          },
          "sensitive_attributes": [],
          "private": "eyJlMmJmYjczMC1lY2FhLTExZTYtOGY4OC0zNDM2M2JjN2M0YzAiOnsiY3JlYXRlIjo1NDAwMDAwMDAwMDAwLCJkZWxldGUiOjU0MDAwMDAwMDAwMDAsInJlYWQiOjMwMDAwMDAwMDAwMCwidXBkYXRlIjo1NDAwMDAwMDAwMDAwfX0=",
          "dependencies": [
            "random_integer.ri"
          ]
        }
      ]
    },
    {
      "mode": "managed",
      "type": "azurerm_service_plan",
      "name": "sp",
      "provider": "provider[\"registry.terraform.io/hashicorp/azurerm\"]",
      "instances": [
        {
          "schema_version": 0,
          "attributes": {
            "app_service_environment_id": "",
            "id": "/subscriptions/a63c910f-df4c-4f3f-962e-955737eb1d57/resourceGroups/ContactBookRG10181/providers/Microsoft.Web/serverfarms/contact-book-plan10181",
            "kind": "linux",
            "location": "westeurope",
            "maximum_elastic_worker_count": 1,
            "name": "contact-book-plan10181",
            "os_type": "Linux",
            "per_site_scaling_enabled": false,
            "reserved": true,
            "resource_group_name": "ContactBookRG10181",
            "sku_name": "F1",
            "tags": null,
            "timeouts": null,
            "worker_count": 1,
            "zone_balancing_enabled": false
          },
          "sensitive_attributes": [],
          "private": "eyJlMmJmYjczMC1lY2FhLTExZTYtOGY4OC0zNDM2M2JjN2M0YzAiOnsiY3JlYXRlIjozNjAwMDAwMDAwMDAwLCJkZWxldGUiOjM2MDAwMDAwMDAwMDAsInJlYWQiOjMwMDAwMDAwMDAwMCwidXBkYXRlIjozNjAwMDAwMDAwMDAwfX0=",
          "dependencies": [
            "azurerm_resource_group.rg",
            "random_integer.ri"
          ]
        }
      ]
    },
    {
      "mode": "managed",
      "type": "random_integer",
      "name": "ri",
      "provider": "provider[\"registry.terraform.io/hashicorp/random\"]",
      "instances": [
        {
          "schema_version": 0,
          "attributes": {
            "id": "10181",
            "keepers": null,
            "max": 99999,
            "min": 10000,
            "result": 10181,
            "seed": null
          },
          "sensitive_attributes": []
        }
      ]
    }
  ],
  "check_results": null
}
